
Microsoft Visual Studio Solution File, Format Version 11.00
# Visual Studio 2010
Project("{FAE04EC0-301F-11D3-BF4B-00C04F79EFBC}") = "Crawler", "Crawler\Crawler.csproj", "{C4D7B8AA-46FB-4E69-96FF-8C33CEF65AC3}"
EndProject
Project("{FAE04EC0-301F-11D3-BF4B-00C04F79EFBC}") = "TextExtract", "TextExtract\TextExtract.csproj", "{93877BEB-E356-462D-9C7E-041A764AC81C}"
EndProject
Project("{FAE04EC0-301F-11D3-BF4B-00C04F79EFBC}") = "Analysis", "Analysis\Analysis.csproj", "{56096CF4-A2E7-4761-8BEB-D13C10449A3A}"
EndProject
Project("{FAE04EC0-301F-11D3-BF4B-00C04F79EFBC}") = "WebDemo", "WebApplication1\WebDemo.csproj", "{0926621A-A0B5-4DC8-A593-82F4E657399E}"
EndProject
Project("{FAE04EC0-301F-11D3-BF4B-00C04F79EFBC}") = "SearchServiceDemon", "SearchServiceDemon\SearchServiceDemon.csproj", "{666748F2-7206-4AEC-8F79-68B61955A3F3}"
EndProject
Global
	GlobalSection(SolutionConfigurationPlatforms) = preSolution
		Debug|Any CPU = Debug|Any CPU
		Debug|Mixed Platforms = Debug|Mixed Platforms
		Debug|x86 = Debug|x86
		Release|Any CPU = Release|Any CPU
		Release|Mixed Platforms = Release|Mixed Platforms
		Release|x86 = Release|x86
	EndGlobalSection
	GlobalSection(ProjectConfigurationPlatforms) = postSolution
		{C4D7B8AA-46FB-4E69-96FF-8C33CEF65AC3}.Debug|Any CPU.ActiveCfg = Debug|x86
		{C4D7B8AA-46FB-4E69-96FF-8C33CEF65AC3}.Debug|Mixed Platforms.ActiveCfg = Debug|x86
		{C4D7B8AA-46FB-4E69-96FF-8C33CEF65AC3}.Debug|Mixed Platforms.Build.0 = Debug|x86
		{C4D7B8AA-46FB-4E69-96FF-8C33CEF65AC3}.Debug|x86.ActiveCfg = Debug|x86
		{C4D7B8AA-46FB-4E69-96FF-8C33CEF65AC3}.Debug|x86.Build.0 = Debug|x86
		{C4D7B8AA-46FB-4E69-96FF-8C33CEF65AC3}.Release|Any CPU.ActiveCfg = Release|x86
		{C4D7B8AA-46FB-4E69-96FF-8C33CEF65AC3}.Release|Mixed Platforms.ActiveCfg = Release|x86
		{C4D7B8AA-46FB-4E69-96FF-8C33CEF65AC3}.Release|Mixed Platforms.Build.0 = Release|x86
		{C4D7B8AA-46FB-4E69-96FF-8C33CEF65AC3}.Release|x86.ActiveCfg = Release|x86
		{C4D7B8AA-46FB-4E69-96FF-8C33CEF65AC3}.Release|x86.Build.0 = Release|x86
		{93877BEB-E356-462D-9C7E-041A764AC81C}.Debug|Any CPU.ActiveCfg = Debug|x86
		{93877BEB-E356-462D-9C7E-041A764AC81C}.Debug|Mixed Platforms.ActiveCfg = Debug|x86
		{93877BEB-E356-462D-9C7E-041A764AC81C}.Debug|Mixed Platforms.Build.0 = Debug|x86
		{93877BEB-E356-462D-9C7E-041A764AC81C}.Debug|x86.ActiveCfg = Debug|x86
		{93877BEB-E356-462D-9C7E-041A764AC81C}.Debug|x86.Build.0 = Debug|x86
		{93877BEB-E356-462D-9C7E-041A764AC81C}.Release|Any CPU.ActiveCfg = Release|x86
		{93877BEB-E356-462D-9C7E-041A764AC81C}.Release|Mixed Platforms.ActiveCfg = Release|x86
		{93877BEB-E356-462D-9C7E-041A764AC81C}.Release|Mixed Platforms.Build.0 = Release|x86
		{93877BEB-E356-462D-9C7E-041A764AC81C}.Release|x86.ActiveCfg = Release|x86
		{93877BEB-E356-462D-9C7E-041A764AC81C}.Release|x86.Build.0 = Release|x86
		{56096CF4-A2E7-4761-8BEB-D13C10449A3A}.Debug|Any CPU.ActiveCfg = Debug|x86
		{56096CF4-A2E7-4761-8BEB-D13C10449A3A}.Debug|Mixed Platforms.ActiveCfg = Debug|x86
		{56096CF4-A2E7-4761-8BEB-D13C10449A3A}.Debug|Mixed Platforms.Build.0 = Debug|x86
		{56096CF4-A2E7-4761-8BEB-D13C10449A3A}.Debug|x86.ActiveCfg = Debug|x86
		{56096CF4-A2E7-4761-8BEB-D13C10449A3A}.Debug|x86.Build.0 = Debug|x86
		{56096CF4-A2E7-4761-8BEB-D13C10449A3A}.Release|Any CPU.ActiveCfg = Release|x86
		{56096CF4-A2E7-4761-8BEB-D13C10449A3A}.Release|Mixed Platforms.ActiveCfg = Release|x86
		{56096CF4-A2E7-4761-8BEB-D13C10449A3A}.Release|Mixed Platforms.Build.0 = Release|x86
		{56096CF4-A2E7-4761-8BEB-D13C10449A3A}.Release|x86.ActiveCfg = Release|x86
		{56096CF4-A2E7-4761-8BEB-D13C10449A3A}.Release|x86.Build.0 = Release|x86
		{0926621A-A0B5-4DC8-A593-82F4E657399E}.Debug|Any CPU.ActiveCfg = Debug|Any CPU
		{0926621A-A0B5-4DC8-A593-82F4E657399E}.Debug|Any CPU.Build.0 = Debug|Any CPU
		{0926621A-A0B5-4DC8-A593-82F4E657399E}.Debug|Mixed Platforms.ActiveCfg = Debug|Any CPU
		{0926621A-A0B5-4DC8-A593-82F4E657399E}.Debug|Mixed Platforms.Build.0 = Debug|Any CPU
		{0926621A-A0B5-4DC8-A593-82F4E657399E}.Debug|x86.ActiveCfg = Debug|Any CPU
		{0926621A-A0B5-4DC8-A593-82F4E657399E}.Release|Any CPU.ActiveCfg = Release|Any CPU
		{0926621A-A0B5-4DC8-A593-82F4E657399E}.Release|Any CPU.Build.0 = Release|Any CPU
		{0926621A-A0B5-4DC8-A593-82F4E657399E}.Release|Mixed Platforms.ActiveCfg = Release|Any CPU
		{0926621A-A0B5-4DC8-A593-82F4E657399E}.Release|Mixed Platforms.Build.0 = Release|Any CPU
		{0926621A-A0B5-4DC8-A593-82F4E657399E}.Release|x86.ActiveCfg = Release|Any CPU
		{666748F2-7206-4AEC-8F79-68B61955A3F3}.Debug|Any CPU.ActiveCfg = Debug|x86
		{666748F2-7206-4AEC-8F79-68B61955A3F3}.Debug|Mixed Platforms.ActiveCfg = Debug|x86
		{666748F2-7206-4AEC-8F79-68B61955A3F3}.Debug|Mixed Platforms.Build.0 = Debug|x86
		{666748F2-7206-4AEC-8F79-68B61955A3F3}.Debug|x86.ActiveCfg = Debug|x86
		{666748F2-7206-4AEC-8F79-68B61955A3F3}.Debug|x86.Build.0 = Debug|x86
		{666748F2-7206-4AEC-8F79-68B61955A3F3}.Release|Any CPU.ActiveCfg = Release|x86
		{666748F2-7206-4AEC-8F79-68B61955A3F3}.Release|Mixed Platforms.ActiveCfg = Release|x86
		{666748F2-7206-4AEC-8F79-68B61955A3F3}.Release|Mixed Platforms.Build.0 = Release|x86
		{666748F2-7206-4AEC-8F79-68B61955A3F3}.Release|x86.ActiveCfg = Release|x86
		{666748F2-7206-4AEC-8F79-68B61955A3F3}.Release|x86.Build.0 = Release|x86
	EndGlobalSection
	GlobalSection(SolutionProperties) = preSolution
		HideSolutionNode = FALSE
	EndGlobalSection
EndGlobal
